
Microsoft Visual Studio Solution File, Format Version 12.00
# Visual Studio Version 17
VisualStudioVersion = 17.5.33530.505
MinimumVisualStudioVersion = 10.0.40219.1
Project("{FAE04EC0-301F-11D3-BF4B-00C04F79EFBC}") = "DictionaryEng", "DictionaryEng\DictionaryEng.csproj", "{21BAFE60-B60C-4CFC-8260-A94B5664162D}"
EndProject
Global
	GlobalSection(SolutionConfigurationPlatforms) = preSolution
		Debug|Any CPU = Debug|Any CPU
		Release|Any CPU = Release|Any CPU
	EndGlobalSection
	GlobalSection(ProjectConfigurationPlatforms) = postSolution
		{21BAFE60-B60C-4CFC-8260-A94B5664162D}.Debug|Any CPU.ActiveCfg = Debug|Any CPU
		{21BAFE60-B60C-4CFC-8260-A94B5664162D}.Debug|Any CPU.Build.0 = Debug|Any CPU
		{21BAFE60-B60C-4CFC-8260-A94B5664162D}.Release|Any CPU.ActiveCfg = Release|Any CPU
		{21BAFE60-B60C-4CFC-8260-A94B5664162D}.Release|Any CPU.Build.0 = Release|Any CPU
	EndGlobalSection
	GlobalSection(SolutionProperties) = preSolution
		HideSolutionNode = FALSE
	EndGlobalSection
	GlobalSection(ExtensibilityGlobals) = postSolution
		SolutionGuid = {C6CEC7F6-CA6E-4AB4-8B9C-A0D5DB7DBA85}
	EndGlobalSection
EndGlobal
