
Microsoft Visual Studio Solution File, Format Version 12.00
# Visual Studio Version 17
VisualStudioVersion = 17.5.33530.505
MinimumVisualStudioVersion = 10.0.40219.1
Project("{FAE04EC0-301F-11D3-BF4B-00C04F79EFBC}") = "DictionaryEnglishToVietnamese", "DictionaryEnglishToVietnamese\DictionaryEnglishToVietnamese.csproj", "{CEBFB4CD-91B2-45E3-ABC2-9164E53D137E}"
EndProject
Global
	GlobalSection(SolutionConfigurationPlatforms) = preSolution
		Debug|Any CPU = Debug|Any CPU
		Release|Any CPU = Release|Any CPU
	EndGlobalSection
	GlobalSection(ProjectConfigurationPlatforms) = postSolution
		{CEBFB4CD-91B2-45E3-ABC2-9164E53D137E}.Debug|Any CPU.ActiveCfg = Debug|Any CPU
		{CEBFB4CD-91B2-45E3-ABC2-9164E53D137E}.Debug|Any CPU.Build.0 = Debug|Any CPU
		{CEBFB4CD-91B2-45E3-ABC2-9164E53D137E}.Release|Any CPU.ActiveCfg = Release|Any CPU
		{CEBFB4CD-91B2-45E3-ABC2-9164E53D137E}.Release|Any CPU.Build.0 = Release|Any CPU
	EndGlobalSection
	GlobalSection(SolutionProperties) = preSolution
		HideSolutionNode = FALSE
	EndGlobalSection
	GlobalSection(ExtensibilityGlobals) = postSolution
		SolutionGuid = {E6FC221A-15DE-47E2-8CD3-A735866C4E07}
	EndGlobalSection
EndGlobal
