
Microsoft Visual Studio Solution File, Format Version 12.00
# Visual Studio Version 17
VisualStudioVersion = 17.5.33530.505
MinimumVisualStudioVersion = 10.0.40219.1
Project("{FAE04EC0-301F-11D3-BF4B-00C04F79EFBC}") = "GUI", "GUI\GUI.csproj", "{00DFB53C-839B-4C46-93DB-55F04EB1A5E0}"
EndProject
Project("{FAE04EC0-301F-11D3-BF4B-00C04F79EFBC}") = "DTO", "DTO\DTO.csproj", "{6F9945D9-600E-4F83-987F-CCD7004E1E54}"
EndProject
Project("{FAE04EC0-301F-11D3-BF4B-00C04F79EFBC}") = "DAL", "DAL\DAL.csproj", "{0A054F70-D638-4BCF-A78B-A43F777A6A48}"
EndProject
Global
	GlobalSection(SolutionConfigurationPlatforms) = preSolution
		Debug|Any CPU = Debug|Any CPU
		Release|Any CPU = Release|Any CPU
	EndGlobalSection
	GlobalSection(ProjectConfigurationPlatforms) = postSolution
		{00DFB53C-839B-4C46-93DB-55F04EB1A5E0}.Debug|Any CPU.ActiveCfg = Debug|Any CPU
		{00DFB53C-839B-4C46-93DB-55F04EB1A5E0}.Debug|Any CPU.Build.0 = Debug|Any CPU
		{00DFB53C-839B-4C46-93DB-55F04EB1A5E0}.Release|Any CPU.ActiveCfg = Release|Any CPU
		{00DFB53C-839B-4C46-93DB-55F04EB1A5E0}.Release|Any CPU.Build.0 = Release|Any CPU
		{6F9945D9-600E-4F83-987F-CCD7004E1E54}.Debug|Any CPU.ActiveCfg = Debug|Any CPU
		{6F9945D9-600E-4F83-987F-CCD7004E1E54}.Debug|Any CPU.Build.0 = Debug|Any CPU
		{6F9945D9-600E-4F83-987F-CCD7004E1E54}.Release|Any CPU.ActiveCfg = Release|Any CPU
		{6F9945D9-600E-4F83-987F-CCD7004E1E54}.Release|Any CPU.Build.0 = Release|Any CPU
		{0A054F70-D638-4BCF-A78B-A43F777A6A48}.Debug|Any CPU.ActiveCfg = Debug|Any CPU
		{0A054F70-D638-4BCF-A78B-A43F777A6A48}.Debug|Any CPU.Build.0 = Debug|Any CPU
		{0A054F70-D638-4BCF-A78B-A43F777A6A48}.Release|Any CPU.ActiveCfg = Release|Any CPU
		{0A054F70-D638-4BCF-A78B-A43F777A6A48}.Release|Any CPU.Build.0 = Release|Any CPU
	EndGlobalSection
	GlobalSection(SolutionProperties) = preSolution
		HideSolutionNode = FALSE
	EndGlobalSection
	GlobalSection(ExtensibilityGlobals) = postSolution
		SolutionGuid = {969E1BB6-B63E-4591-9571-17F459EB0A57}
	EndGlobalSection
EndGlobal
